
Microsoft Visual Studio Solution File, Format Version 12.00
# Visual Studio 15
VisualStudioVersion = 15.0.28307.539
MinimumVisualStudioVersion = 10.0.40219.1
Project("{FAE04EC0-301F-11D3-BF4B-00C04F79EFBC}") = "Personel_Bilgi_Sistemi", "Personel_Bilgi_Sistemi\Personel_Bilgi_Sistemi.csproj", "{1F26F72A-79C8-403A-9103-1B478C3165C3}"
EndProject
Global
	GlobalSection(SolutionConfigurationPlatforms) = preSolution
		Debug|Any CPU = Debug|Any CPU
		Release|Any CPU = Release|Any CPU
	EndGlobalSection
	GlobalSection(ProjectConfigurationPlatforms) = postSolution
		{1F26F72A-79C8-403A-9103-1B478C3165C3}.Debug|Any CPU.ActiveCfg = Debug|Any CPU
		{1F26F72A-79C8-403A-9103-1B478C3165C3}.Debug|Any CPU.Build.0 = Debug|Any CPU
		{1F26F72A-79C8-403A-9103-1B478C3165C3}.Release|Any CPU.ActiveCfg = Release|Any CPU
		{1F26F72A-79C8-403A-9103-1B478C3165C3}.Release|Any CPU.Build.0 = Release|Any CPU
	EndGlobalSection
	GlobalSection(SolutionProperties) = preSolution
		HideSolutionNode = FALSE
	EndGlobalSection
	GlobalSection(ExtensibilityGlobals) = postSolution
		SolutionGuid = {7A804A99-5A8E-4002-AB24-FF5A7DE74FCC}
	EndGlobalSection
EndGlobal
